// !$*UTF8*$!
{
	archiveVersion = 1;
	classes = {
	};
	objectVersion = 51;
	objects = {

/* Begin PBXBuildFile section */
		268011D59CF1D16BC8B20652 /* Pods_ModuleB_Category.framework in Frameworks */ = {isa = PBXBuildFile; fileRef = F9D4B4F58D19A8C70A265FD5 /* Pods_ModuleB_Category.framework */; };
		62E78D9F25AD71B900FF78CF /* AppDelegate.m in Sources */ = {isa = PBXBuildFile; fileRef = 62E78D9E25AD71B900FF78CF /* AppDelegate.m */; };
		62E78DA225AD71B900FF78CF /* SceneDelegate.m in Sources */ = {isa = PBXBuildFile; fileRef = 62E78DA125AD71B900FF78CF /* SceneDelegate.m */; };
		62E78DA525AD71B900FF78CF /* ViewController.m in Sources */ = {isa = PBXBuildFile; fileRef = 62E78DA425AD71B900FF78CF /* ViewController.m */; };
		62E78DA825AD71B900FF78CF /* Main.storyboard in Resources */ = {isa = PBXBuildFile; fileRef = 62E78DA625AD71B900FF78CF /* Main.storyboard */; };
		62E78DAA25AD71BB00FF78CF /* Assets.xcassets in Resources */ = {isa = PBXBuildFile; fileRef = 62E78DA925AD71BB00FF78CF /* Assets.xcassets */; };
		62E78DAD25AD71BB00FF78CF /* LaunchScreen.storyboard in Resources */ = {isa = PBXBuildFile; fileRef = 62E78DAB25AD71BB00FF78CF /* LaunchScreen.storyboard */; };
		62E78DB025AD71BB00FF78CF /* main.m in Sources */ = {isa = PBXBuildFile; fileRef = 62E78DAF25AD71BB00FF78CF /* main.m */; };
		62E78DBA25AD71BB00FF78CF /* ModuleB_CategoryTests.m in Sources */ = {isa = PBXBuildFile; fileRef = 62E78DB925AD71BB00FF78CF /* ModuleB_CategoryTests.m */; };
		62E78DC525AD71BC00FF78CF /* ModuleB_CategoryUITests.m in Sources */ = {isa = PBXBuildFile; fileRef = 62E78DC425AD71BC00FF78CF /* ModuleB_CategoryUITests.m */; };
		62E78E4025AD75F300FF78CF /* CTMediator+B.m in Sources */ = {isa = PBXBuildFile; fileRef = 62E78E3F25AD75F300FF78CF /* CTMediator+B.m */; };
/* End PBXBuildFile section */

/* Begin PBXContainerItemProxy section */
		62E78DB625AD71BB00FF78CF /* PBXContainerItemProxy */ = {
			isa = PBXContainerItemProxy;
			containerPortal = 62E78D9225AD71B900FF78CF /* Project object */;
			proxyType = 1;
			remoteGlobalIDString = 62E78D9925AD71B900FF78CF;
			remoteInfo = ModuleB_Category;
		};
		62E78DC125AD71BC00FF78CF /* PBXContainerItemProxy */ = {
			isa = PBXContainerItemProxy;
			containerPortal = 62E78D9225AD71B900FF78CF /* Project object */;
			proxyType = 1;
			remoteGlobalIDString = 62E78D9925AD71B900FF78CF;
			remoteInfo = ModuleB_Category;
		};
/* End PBXContainerItemProxy section */

/* Begin PBXFileReference section */
		62E78D9A25AD71B900FF78CF /* ModuleB_Category.app */ = {isa = PBXFileReference; explicitFileType = wrapper.application; includeInIndex = 0; path = ModuleB_Category.app; sourceTree = BUILT_PRODUCTS_DIR; };
		62E78D9D25AD71B900FF78CF /* AppDelegate.h */ = {isa = PBXFileReference; lastKnownFileType = sourcecode.c.h; path = AppDelegate.h; sourceTree = "<group>"; };
		62E78D9E25AD71B900FF78CF /* AppDelegate.m */ = {isa = PBXFileReference; lastKnownFileType = sourcecode.c.objc; path = AppDelegate.m; sourceTree = "<group>"; };
		62E78DA025AD71B900FF78CF /* SceneDelegate.h */ = {isa = PBXFileReference; lastKnownFileType = sourcecode.c.h; path = SceneDelegate.h; sourceTree = "<group>"; };
		62E78DA125AD71B900FF78CF /* SceneDelegate.m */ = {isa = PBXFileReference; lastKnownFileType = sourcecode.c.objc; path = SceneDelegate.m; sourceTree = "<group>"; };
		62E78DA325AD71B900FF78CF /* ViewController.h */ = {isa = PBXFileReference; lastKnownFileType = sourcecode.c.h; path = ViewController.h; sourceTree = "<group>"; };
		62E78DA425AD71B900FF78CF /* ViewController.m */ = {isa = PBXFileReference; lastKnownFileType = sourcecode.c.objc; path = ViewController.m; sourceTree = "<group>"; };
		62E78DA725AD71B900FF78CF /* Base */ = {isa = PBXFileReference; lastKnownFileType = file.storyboard; name = Base; path = Base.lproj/Main.storyboard; sourceTree = "<group>"; };
		62E78DA925AD71BB00FF78CF /* Assets.xcassets */ = {isa = PBXFileReference; lastKnownFileType = folder.assetcatalog; path = Assets.xcassets; sourceTree = "<group>"; };
		62E78DAC25AD71BB00FF78CF /* Base */ = {isa = PBXFileReference; lastKnownFileType = file.storyboard; name = Base; path = Base.lproj/LaunchScreen.storyboard; sourceTree = "<group>"; };
		62E78DAE25AD71BB00FF78CF /* Info.plist */ = {isa = PBXFileReference; lastKnownFileType = text.plist.xml; path = Info.plist; sourceTree = "<group>"; };
		62E78DAF25AD71BB00FF78CF /* main.m */ = {isa = PBXFileReference; lastKnownFileType = sourcecode.c.objc; path = main.m; sourceTree = "<group>"; };
		62E78DB525AD71BB00FF78CF /* ModuleB_CategoryTests.xctest */ = {isa = PBXFileReference; explicitFileType = wrapper.cfbundle; includeInIndex = 0; path = ModuleB_CategoryTests.xctest; sourceTree = BUILT_PRODUCTS_DIR; };
		62E78DB925AD71BB00FF78CF /* ModuleB_CategoryTests.m */ = {isa = PBXFileReference; lastKnownFileType = sourcecode.c.objc; path = ModuleB_CategoryTests.m; sourceTree = "<group>"; };
		62E78DBB25AD71BB00FF78CF /* Info.plist */ = {isa = PBXFileReference; lastKnownFileType = text.plist.xml; path = Info.plist; sourceTree = "<group>"; };
		62E78DC025AD71BC00FF78CF /* ModuleB_CategoryUITests.xctest */ = {isa = PBXFileReference; explicitFileType = wrapper.cfbundle; includeInIndex = 0; path = ModuleB_CategoryUITests.xctest; sourceTree = BUILT_PRODUCTS_DIR; };
		62E78DC425AD71BC00FF78CF /* ModuleB_CategoryUITests.m */ = {isa = PBXFileReference; lastKnownFileType = sourcecode.c.objc; path = ModuleB_CategoryUITests.m; sourceTree = "<group>"; };
		62E78DC625AD71BC00FF78CF /* Info.plist */ = {isa = PBXFileReference; lastKnownFileType = text.plist.xml; path = Info.plist; sourceTree = "<group>"; };
		62E78E3E25AD75F300FF78CF /* CTMediator+B.h */ = {isa = PBXFileReference; lastKnownFileType = sourcecode.c.h; path = "CTMediator+B.h"; sourceTree = "<group>"; };
		62E78E3F25AD75F300FF78CF /* CTMediator+B.m */ = {isa = PBXFileReference; lastKnownFileType = sourcecode.c.objc; path = "CTMediator+B.m"; sourceTree = "<group>"; };
		B5CAFA497C3A355DC0DCEE88 /* Pods-ModuleB_Category.release.xcconfig */ = {isa = PBXFileReference; includeInIndex = 1; lastKnownFileType = text.xcconfig; name = "Pods-ModuleB_Category.release.xcconfig"; path = "Target Support Files/Pods-ModuleB_Category/Pods-ModuleB_Category.release.xcconfig"; sourceTree = "<group>"; };
		C14774E934A8620841511661 /* Pods-ModuleB_Category.debug.xcconfig */ = {isa = PBXFileReference; includeInIndex = 1; lastKnownFileType = text.xcconfig; name = "Pods-ModuleB_Category.debug.xcconfig"; path = "Target Support Files/Pods-ModuleB_Category/Pods-ModuleB_Category.debug.xcconfig"; sourceTree = "<group>"; };
		F9D4B4F58D19A8C70A265FD5 /* Pods_ModuleB_Category.framework */ = {isa = PBXFileReference; explicitFileType = wrapper.framework; includeInIndex = 0; path = Pods_ModuleB_Category.framework; sourceTree = BUILT_PRODUCTS_DIR; };
/* End PBXFileReference section */

/* Begin PBXFrameworksBuildPhase section */
		62E78D9725AD71B900FF78CF /* Frameworks */ = {
			isa = PBXFrameworksBuildPhase;
			buildActionMask = 2147483647;
			files = (
				268011D59CF1D16BC8B20652 /* Pods_ModuleB_Category.framework in Frameworks */,
			);
			runOnlyForDeploymentPostprocessing = 0;
		};
		62E78DB225AD71BB00FF78CF /* Frameworks */ = {
			isa = PBXFrameworksBuildPhase;
			buildActionMask = 2147483647;
			files = (
			);
			runOnlyForDeploymentPostprocessing = 0;
		};
		62E78DBD25AD71BC00FF78CF /* Frameworks */ = {
			isa = PBXFrameworksBuildPhase;
			buildActionMask = 2147483647;
			files = (
			);
			runOnlyForDeploymentPostprocessing = 0;
		};
/* End PBXFrameworksBuildPhase section */

/* Begin PBXGroup section */
		2043E887CE13202FB0F453AA /* Frameworks */ = {
			isa = PBXGroup;
			children = (
				F9D4B4F58D19A8C70A265FD5 /* Pods_ModuleB_Category.framework */,
			);
			name = Frameworks;
			sourceTree = "<group>";
		};
		62E78D9125AD71B900FF78CF = {
			isa = PBXGroup;
			children = (
				62E78D9C25AD71B900FF78CF /* ModuleB_Category */,
				62E78DB825AD71BB00FF78CF /* ModuleB_CategoryTests */,
				62E78DC325AD71BC00FF78CF /* ModuleB_CategoryUITests */,
				62E78D9B25AD71B900FF78CF /* Products */,
				B1BB4801337CB0A28FDA8D33 /* Pods */,
				2043E887CE13202FB0F453AA /* Frameworks */,
			);
			sourceTree = "<group>";
		};
		62E78D9B25AD71B900FF78CF /* Products */ = {
			isa = PBXGroup;
			children = (
				62E78D9A25AD71B900FF78CF /* ModuleB_Category.app */,
				62E78DB525AD71BB00FF78CF /* ModuleB_CategoryTests.xctest */,
				62E78DC025AD71BC00FF78CF /* ModuleB_CategoryUITests.xctest */,
			);
			name = Products;
			sourceTree = "<group>";
		};
		62E78D9C25AD71B900FF78CF /* ModuleB_Category */ = {
			isa = PBXGroup;
			children = (
				62E78E2E25AD751E00FF78CF /* Source */,
				62E78D9D25AD71B900FF78CF /* AppDelegate.h */,
				62E78D9E25AD71B900FF78CF /* AppDelegate.m */,
				62E78DA025AD71B900FF78CF /* SceneDelegate.h */,
				62E78DA125AD71B900FF78CF /* SceneDelegate.m */,
				62E78DA325AD71B900FF78CF /* ViewController.h */,
				62E78DA425AD71B900FF78CF /* ViewController.m */,
				62E78DA625AD71B900FF78CF /* Main.storyboard */,
				62E78DA925AD71BB00FF78CF /* Assets.xcassets */,
				62E78DAB25AD71BB00FF78CF /* LaunchScreen.storyboard */,
				62E78DAE25AD71BB00FF78CF /* Info.plist */,
				62E78DAF25AD71BB00FF78CF /* main.m */,
			);
			path = ModuleB_Category;
			sourceTree = "<group>";
		};
		62E78DB825AD71BB00FF78CF /* ModuleB_CategoryTests */ = {
			isa = PBXGroup;
			children = (
				62E78DB925AD71BB00FF78CF /* ModuleB_CategoryTests.m */,
				62E78DBB25AD71BB00FF78CF /* Info.plist */,
			);
			path = ModuleB_CategoryTests;
			sourceTree = "<group>";
		};
		62E78DC325AD71BC00FF78CF /* ModuleB_CategoryUITests */ = {
			isa = PBXGroup;
			children = (
				62E78DC425AD71BC00FF78CF /* ModuleB_CategoryUITests.m */,
				62E78DC625AD71BC00FF78CF /* Info.plist */,
			);
			path = ModuleB_CategoryUITests;
			sourceTree = "<group>";
		};
		62E78E2E25AD751E00FF78CF /* Source */ = {
			isa = PBXGroup;
			children = (
				62E78E2F25AD751E00FF78CF /* Target */,
				62E78E3E25AD75F300FF78CF /* CTMediator+B.h */,
				62E78E3F25AD75F300FF78CF /* CTMediator+B.m */,
			);
			path = Source;
			sourceTree = "<group>";
		};
		62E78E2F25AD751E00FF78CF /* Target */ = {
			isa = PBXGroup;
			children = (
			);
			path = Target;
			sourceTree = "<group>";
		};
		B1BB4801337CB0A28FDA8D33 /* Pods */ = {
			isa = PBXGroup;
			children = (
				C14774E934A8620841511661 /* Pods-ModuleB_Category.debug.xcconfig */,
				B5CAFA497C3A355DC0DCEE88 /* Pods-ModuleB_Category.release.xcconfig */,
			);
			path = Pods;
			sourceTree = "<group>";
		};
/* End PBXGroup section */

/* Begin PBXNativeTarget section */
		62E78D9925AD71B900FF78CF /* ModuleB_Category */ = {
			isa = PBXNativeTarget;
			buildConfigurationList = 62E78DC925AD71BC00FF78CF /* Build configuration list for PBXNativeTarget "ModuleB_Category" */;
			buildPhases = (
				5D4AA7CEAB6920C7DD606AAF /* [CP] Check Pods Manifest.lock */,
				62E78D9625AD71B900FF78CF /* Sources */,
				62E78D9725AD71B900FF78CF /* Frameworks */,
				62E78D9825AD71B900FF78CF /* Resources */,
				0C5AA77314313C6DDADFE5A2 /* [CP] Embed Pods Frameworks */,
			);
			buildRules = (
			);
			dependencies = (
			);
			name = ModuleB_Category;
			productName = ModuleB_Category;
			productReference = 62E78D9A25AD71B900FF78CF /* ModuleB_Category.app */;
			productType = "com.apple.product-type.application";
		};
		62E78DB425AD71BB00FF78CF /* ModuleB_CategoryTests */ = {
			isa = PBXNativeTarget;
			buildConfigurationList = 62E78DCC25AD71BC00FF78CF /* Build configuration list for PBXNativeTarget "ModuleB_CategoryTests" */;
			buildPhases = (
				62E78DB125AD71BB00FF78CF /* Sources */,
				62E78DB225AD71BB00FF78CF /* Frameworks */,
				62E78DB325AD71BB00FF78CF /* Resources */,
			);
			buildRules = (
			);
			dependencies = (
				62E78DB725AD71BB00FF78CF /* PBXTargetDependency */,
			);
			name = ModuleB_CategoryTests;
			productName = ModuleB_CategoryTests;
			productReference = 62E78DB525AD71BB00FF78CF /* ModuleB_CategoryTests.xctest */;
			productType = "com.apple.product-type.bundle.unit-test";
		};
		62E78DBF25AD71BC00FF78CF /* ModuleB_CategoryUITests */ = {
			isa = PBXNativeTarget;
			buildConfigurationList = 62E78DCF25AD71BC00FF78CF /* Build configuration list for PBXNativeTarget "ModuleB_CategoryUITests" */;
			buildPhases = (
				62E78DBC25AD71BC00FF78CF /* Sources */,
				62E78DBD25AD71BC00FF78CF /* Frameworks */,
				62E78DBE25AD71BC00FF78CF /* Resources */,
			);
			buildRules = (
			);
			dependencies = (
				62E78DC225AD71BC00FF78CF /* PBXTargetDependency */,
			);
			name = ModuleB_CategoryUITests;
			productName = ModuleB_CategoryUITests;
			productReference = 62E78DC025AD71BC00FF78CF /* ModuleB_CategoryUITests.xctest */;
			productType = "com.apple.product-type.bundle.ui-testing";
		};
/* End PBXNativeTarget section */

/* Begin PBXProject section */
		62E78D9225AD71B900FF78CF /* Project object */ = {
			isa = PBXProject;
			attributes = {
				LastUpgradeCheck = 1210;
				TargetAttributes = {
					62E78D9925AD71B900FF78CF = {
						CreatedOnToolsVersion = 12.1;
					};
					62E78DB425AD71BB00FF78CF = {
						CreatedOnToolsVersion = 12.1;
						TestTargetID = 62E78D9925AD71B900FF78CF;
					};
					62E78DBF25AD71BC00FF78CF = {
						CreatedOnToolsVersion = 12.1;
						TestTargetID = 62E78D9925AD71B900FF78CF;
					};
				};
			};
			buildConfigurationList = 62E78D9525AD71B900FF78CF /* Build configuration list for PBXProject "ModuleB_Category" */;
			compatibilityVersion = "Xcode 9.3";
			developmentRegion = en;
			hasScannedForEncodings = 0;
			knownRegions = (
				en,
				Base,
			);
			mainGroup = 62E78D9125AD71B900FF78CF;
			productRefGroup = 62E78D9B25AD71B900FF78CF /* Products */;
			projectDirPath = "";
			projectRoot = "";
			targets = (
				62E78D9925AD71B900FF78CF /* ModuleB_Category */,
				62E78DB425AD71BB00FF78CF /* ModuleB_CategoryTests */,
				62E78DBF25AD71BC00FF78CF /* ModuleB_CategoryUITests */,
			);
		};
/* End PBXProject section */

/* Begin PBXResourcesBuildPhase section */
		62E78D9825AD71B900FF78CF /* Resources */ = {
			isa = PBXResourcesBuildPhase;
			buildActionMask = 2147483647;
			files = (
				62E78DAD25AD71BB00FF78CF /* LaunchScreen.storyboard in Resources */,
				62E78DAA25AD71BB00FF78CF /* Assets.xcassets in Resources */,
				62E78DA825AD71B900FF78CF /* Main.storyboard in Resources */,
			);
			runOnlyForDeploymentPostprocessing = 0;
		};
		62E78DB325AD71BB00FF78CF /* Resources */ = {
			isa = PBXResourcesBuildPhase;
			buildActionMask = 2147483647;
			files = (
			);
			runOnlyForDeploymentPostprocessing = 0;
		};
		62E78DBE25AD71BC00FF78CF /* Resources */ = {
			isa = PBXResourcesBuildPhase;
			buildActionMask = 2147483647;
			files = (
			);
			runOnlyForDeploymentPostprocessing = 0;
		};
/* End PBXResourcesBuildPhase section */

/* Begin PBXShellScriptBuildPhase section */
		0C5AA77314313C6DDADFE5A2 /* [CP] Embed Pods Frameworks */ = {
			isa = PBXShellScriptBuildPhase;
			buildActionMask = 2147483647;
			files = (
			);
			inputFileListPaths = (
				"${PODS_ROOT}/Target Support Files/Pods-ModuleB_Category/Pods-ModuleB_Category-frameworks-${CONFIGURATION}-input-files.xcfilelist",
			);
			name = "[CP] Embed Pods Frameworks";
			outputFileListPaths = (
				"${PODS_ROOT}/Target Support Files/Pods-ModuleB_Category/Pods-ModuleB_Category-frameworks-${CONFIGURATION}-output-files.xcfilelist",
			);
			runOnlyForDeploymentPostprocessing = 0;
			shellPath = /bin/sh;
			shellScript = "\"${PODS_ROOT}/Target Support Files/Pods-ModuleB_Category/Pods-ModuleB_Category-frameworks.sh\"\n";
			showEnvVarsInLog = 0;
		};
		5D4AA7CEAB6920C7DD606AAF /* [CP] Check Pods Manifest.lock */ = {
			isa = PBXShellScriptBuildPhase;
			buildActionMask = 2147483647;
			files = (
			);
			inputFileListPaths = (
			);
			inputPaths = (
				"${PODS_PODFILE_DIR_PATH}/Podfile.lock",
				"${PODS_ROOT}/Manifest.lock",
			);
			name = "[CP] Check Pods Manifest.lock";
			outputFileListPaths = (
			);
			outputPaths = (
				"$(DERIVED_FILE_DIR)/Pods-ModuleB_Category-checkManifestLockResult.txt",
			);
			runOnlyForDeploymentPostprocessing = 0;
			shellPath = /bin/sh;
			shellScript = "diff \"${PODS_PODFILE_DIR_PATH}/Podfile.lock\" \"${PODS_ROOT}/Manifest.lock\" > /dev/null\nif [ $? != 0 ] ; then\n    # print error to STDERR\n    echo \"error: The sandbox is not in sync with the Podfile.lock. Run 'pod install' or update your CocoaPods installation.\" >&2\n    exit 1\nfi\n# This output is used by Xcode 'outputs' to avoid re-running this script phase.\necho \"SUCCESS\" > \"${SCRIPT_OUTPUT_FILE_0}\"\n";
			showEnvVarsInLog = 0;
		};
/* End PBXShellScriptBuildPhase section */

/* Begin PBXSourcesBuildPhase section */
		62E78D9625AD71B900FF78CF /* Sources */ = {
			isa = PBXSourcesBuildPhase;
			buildActionMask = 2147483647;
			files = (
				62E78DA525AD71B900FF78CF /* ViewController.m in Sources */,
				62E78D9F25AD71B900FF78CF /* AppDelegate.m in Sources */,
				62E78DB025AD71BB00FF78CF /* main.m in Sources */,
				62E78DA225AD71B900FF78CF /* SceneDelegate.m in Sources */,
				62E78E4025AD75F300FF78CF /* CTMediator+B.m in Sources */,
			);
			runOnlyForDeploymentPostprocessing = 0;
		};
		62E78DB125AD71BB00FF78CF /* Sources */ = {
			isa = PBXSourcesBuildPhase;
			buildActionMask = 2147483647;
			files = (
				62E78DBA25AD71BB00FF78CF /* ModuleB_CategoryTests.m in Sources */,
			);
			runOnlyForDeploymentPostprocessing = 0;
		};
		62E78DBC25AD71BC00FF78CF /* Sources */ = {
			isa = PBXSourcesBuildPhase;
			buildActionMask = 2147483647;
			files = (
				62E78DC525AD71BC00FF78CF /* ModuleB_CategoryUITests.m in Sources */,
			);
			runOnlyForDeploymentPostprocessing = 0;
		};
/* End PBXSourcesBuildPhase section */

/* Begin PBXTargetDependency section */
		62E78DB725AD71BB00FF78CF /* PBXTargetDependency */ = {
			isa = PBXTargetDependency;
			target = 62E78D9925AD71B900FF78CF /* ModuleB_Category */;
			targetProxy = 62E78DB625AD71BB00FF78CF /* PBXContainerItemProxy */;
		};
		62E78DC225AD71BC00FF78CF /* PBXTargetDependency */ = {
			isa = PBXTargetDependency;
			target = 62E78D9925AD71B900FF78CF /* ModuleB_Category */;
			targetProxy = 62E78DC125AD71BC00FF78CF /* PBXContainerItemProxy */;
		};
/* End PBXTargetDependency section */

/* Begin PBXVariantGroup section */
		62E78DA625AD71B900FF78CF /* Main.storyboard */ = {
			isa = PBXVariantGroup;
			children = (
				62E78DA725AD71B900FF78CF /* Base */,
			);
			name = Main.storyboard;
			sourceTree = "<group>";
		};
		62E78DAB25AD71BB00FF78CF /* LaunchScreen.storyboard */ = {
			isa = PBXVariantGroup;
			children = (
				62E78DAC25AD71BB00FF78CF /* Base */,
			);
			name = LaunchScreen.storyboard;
			sourceTree = "<group>";
		};
/* End PBXVariantGroup section */

/* Begin XCBuildConfiguration section */
		62E78DC725AD71BC00FF78CF /* Debug */ = {
			isa = XCBuildConfiguration;
			buildSettings = {
				ALWAYS_SEARCH_USER_PATHS = NO;
				CLANG_ANALYZER_NONNULL = YES;
				CLANG_ANALYZER_NUMBER_OBJECT_CONVERSION = YES_AGGRESSIVE;
				CLANG_CXX_LANGUAGE_STANDARD = "gnu++14";
				CLANG_CXX_LIBRARY = "libc++";
				CLANG_ENABLE_MODULES = YES;
				CLANG_ENABLE_OBJC_ARC = YES;
				CLANG_ENABLE_OBJC_WEAK = YES;
				CLANG_WARN_BLOCK_CAPTURE_AUTORELEASING = YES;
				CLANG_WARN_BOOL_CONVERSION = YES;
				CLANG_WARN_COMMA = YES;
				CLANG_WARN_CONSTANT_CONVERSION = YES;
				CLANG_WARN_DEPRECATED_OBJC_IMPLEMENTATIONS = YES;
				CLANG_WARN_DIRECT_OBJC_ISA_USAGE = YES_ERROR;
				CLANG_WARN_DOCUMENTATION_COMMENTS = YES;
				CLANG_WARN_EMPTY_BODY = YES;
				CLANG_WARN_ENUM_CONVERSION = YES;
				CLANG_WARN_INFINITE_RECURSION = YES;
				CLANG_WARN_INT_CONVERSION = YES;
				CLANG_WARN_NON_LITERAL_NULL_CONVERSION = YES;
				CLANG_WARN_OBJC_IMPLICIT_RETAIN_SELF = YES;
				CLANG_WARN_OBJC_LITERAL_CONVERSION = YES;
				CLANG_WARN_OBJC_ROOT_CLASS = YES_ERROR;
				CLANG_WARN_QUOTED_INCLUDE_IN_FRAMEWORK_HEADER = YES;
				CLANG_WARN_RANGE_LOOP_ANALYSIS = YES;
				CLANG_WARN_STRICT_PROTOTYPES = YES;
				CLANG_WARN_SUSPICIOUS_MOVE = YES;
				CLANG_WARN_UNGUARDED_AVAILABILITY = YES_AGGRESSIVE;
				CLANG_WARN_UNREACHABLE_CODE = YES;
				CLANG_WARN__DUPLICATE_METHOD_MATCH = YES;
				COPY_PHASE_STRIP = NO;
				DEBUG_INFORMATION_FORMAT = dwarf;
				ENABLE_STRICT_OBJC_MSGSEND = YES;
				ENABLE_TESTABILITY = YES;
				GCC_C_LANGUAGE_STANDARD = gnu11;
				GCC_DYNAMIC_NO_PIC = NO;
				GCC_NO_COMMON_BLOCKS = YES;
				GCC_OPTIMIZATION_LEVEL = 0;
				GCC_PREPROCESSOR_DEFINITIONS = (
					"DEBUG=1",
					"$(inherited)",
				);
				GCC_WARN_64_TO_32_BIT_CONVERSION = YES;
				GCC_WARN_ABOUT_RETURN_TYPE = YES_ERROR;
				GCC_WARN_UNDECLARED_SELECTOR = YES;
				GCC_WARN_UNINITIALIZED_AUTOS = YES_AGGRESSIVE;
				GCC_WARN_UNUSED_FUNCTION = YES;
				GCC_WARN_UNUSED_VARIABLE = YES;
				IPHONEOS_DEPLOYMENT_TARGET = 14.1;
				MTL_ENABLE_DEBUG_INFO = INCLUDE_SOURCE;
				MTL_FAST_MATH = YES;
				ONLY_ACTIVE_ARCH = YES;
				SDKROOT = iphoneos;
			};
			name = Debug;
		};
		62E78DC825AD71BC00FF78CF /* Release */ = {
			isa = XCBuildConfiguration;
			buildSettings = {
				ALWAYS_SEARCH_USER_PATHS = NO;
				CLANG_ANALYZER_NONNULL = YES;
				CLANG_ANALYZER_NUMBER_OBJECT_CONVERSION = YES_AGGRESSIVE;
				CLANG_CXX_LANGUAGE_STANDARD = "gnu++14";
				CLANG_CXX_LIBRARY = "libc++";
				CLANG_ENABLE_MODULES = YES;
				CLANG_ENABLE_OBJC_ARC = YES;
				CLANG_ENABLE_OBJC_WEAK = YES;
				CLANG_WARN_BLOCK_CAPTURE_AUTORELEASING = YES;
				CLANG_WARN_BOOL_CONVERSION = YES;
				CLANG_WARN_COMMA = YES;
				CLANG_WARN_CONSTANT_CONVERSION = YES;
				CLANG_WARN_DEPRECATED_OBJC_IMPLEMENTATIONS = YES;
				CLANG_WARN_DIRECT_OBJC_ISA_USAGE = YES_ERROR;
				CLANG_WARN_DOCUMENTATION_COMMENTS = YES;
				CLANG_WARN_EMPTY_BODY = YES;
				CLANG_WARN_ENUM_CONVERSION = YES;
				CLANG_WARN_INFINITE_RECURSION = YES;
				CLANG_WARN_INT_CONVERSION = YES;
				CLANG_WARN_NON_LITERAL_NULL_CONVERSION = YES;
				CLANG_WARN_OBJC_IMPLICIT_RETAIN_SELF = YES;
				CLANG_WARN_OBJC_LITERAL_CONVERSION = YES;
				CLANG_WARN_OBJC_ROOT_CLASS = YES_ERROR;
				CLANG_WARN_QUOTED_INCLUDE_IN_FRAMEWORK_HEADER = YES;
				CLANG_WARN_RANGE_LOOP_ANALYSIS = YES;
				CLANG_WARN_STRICT_PROTOTYPES = YES;
				CLANG_WARN_SUSPICIOUS_MOVE = YES;
				CLANG_WARN_UNGUARDED_AVAILABILITY = YES_AGGRESSIVE;
				CLANG_WARN_UNREACHABLE_CODE = YES;
				CLANG_WARN__DUPLICATE_METHOD_MATCH = YES;
				COPY_PHASE_STRIP = NO;
				DEBUG_INFORMATION_FORMAT = "dwarf-with-dsym";
				ENABLE_NS_ASSERTIONS = NO;
				ENABLE_STRICT_OBJC_MSGSEND = YES;
				GCC_C_LANGUAGE_STANDARD = gnu11;
				GCC_NO_COMMON_BLOCKS = YES;
				GCC_WARN_64_TO_32_BIT_CONVERSION = YES;
				GCC_WARN_ABOUT_RETURN_TYPE = YES_ERROR;
				GCC_WARN_UNDECLARED_SELECTOR = YES;
				GCC_WARN_UNINITIALIZED_AUTOS = YES_AGGRESSIVE;
				GCC_WARN_UNUSED_FUNCTION = YES;
				GCC_WARN_UNUSED_VARIABLE = YES;
				IPHONEOS_DEPLOYMENT_TARGET = 14.1;
				MTL_ENABLE_DEBUG_INFO = NO;
				MTL_FAST_MATH = YES;
				SDKROOT = iphoneos;
				VALIDATE_PRODUCT = YES;
			};
			name = Release;
		};
		62E78DCA25AD71BC00FF78CF /* Debug */ = {
			isa = XCBuildConfiguration;
			baseConfigurationReference = C14774E934A8620841511661 /* Pods-ModuleB_Category.debug.xcconfig */;
			buildSettings = {
				ASSETCATALOG_COMPILER_APPICON_NAME = AppIcon;
				ASSETCATALOG_COMPILER_GLOBAL_ACCENT_COLOR_NAME = AccentColor;
				CODE_SIGN_STYLE = Automatic;
				INFOPLIST_FILE = ModuleB_Category/Info.plist;
				IPHONEOS_DEPLOYMENT_TARGET = 12.0;
				LD_RUNPATH_SEARCH_PATHS = (
					"$(inherited)",
					"@executable_path/Frameworks",
				);
				PRODUCT_BUNDLE_IDENTIFIER = "FS.ModuleB-Category";
				PRODUCT_NAME = "$(TARGET_NAME)";
				TARGETED_DEVICE_FAMILY = "1,2";
			};
			name = Debug;
		};
		62E78DCB25AD71BC00FF78CF /* Release */ = {
			isa = XCBuildConfiguration;
			baseConfigurationReference = B5CAFA497C3A355DC0DCEE88 /* Pods-ModuleB_Category.release.xcconfig */;
			buildSettings = {
				ASSETCATALOG_COMPILER_APPICON_NAME = AppIcon;
				ASSETCATALOG_COMPILER_GLOBAL_ACCENT_COLOR_NAME = AccentColor;
				CODE_SIGN_STYLE = Automatic;
				INFOPLIST_FILE = ModuleB_Category/Info.plist;
				IPHONEOS_DEPLOYMENT_TARGET = 12.0;
				LD_RUNPATH_SEARCH_PATHS = (
					"$(inherited)",
					"@executable_path/Frameworks",
				);
				PRODUCT_BUNDLE_IDENTIFIER = "FS.ModuleB-Category";
				PRODUCT_NAME = "$(TARGET_NAME)";
				TARGETED_DEVICE_FAMILY = "1,2";
			};
			name = Release;
		};
		62E78DCD25AD71BC00FF78CF /* Debug */ = {
			isa = XCBuildConfiguration;
			buildSettings = {
				BUNDLE_LOADER = "$(TEST_HOST)";
				CODE_SIGN_STYLE = Automatic;
				INFOPLIST_FILE = ModuleB_CategoryTests/Info.plist;
				IPHONEOS_DEPLOYMENT_TARGET = 14.1;
				LD_RUNPATH_SEARCH_PATHS = (
					"$(inherited)",
					"@executable_path/Frameworks",
					"@loader_path/Frameworks",
				);
				PRODUCT_BUNDLE_IDENTIFIER = "FS.ModuleB-CategoryTests";
				PRODUCT_NAME = "$(TARGET_NAME)";
				TARGETED_DEVICE_FAMILY = "1,2";
				TEST_HOST = "$(BUILT_PRODUCTS_DIR)/ModuleB_Category.app/ModuleB_Category";
			};
			name = Debug;
		};
		62E78DCE25AD71BC00FF78CF /* Release */ = {
			isa = XCBuildConfiguration;
			buildSettings = {
				BUNDLE_LOADER = "$(TEST_HOST)";
				CODE_SIGN_STYLE = Automatic;
				INFOPLIST_FILE = ModuleB_CategoryTests/Info.plist;
				IPHONEOS_DEPLOYMENT_TARGET = 14.1;
				LD_RUNPATH_SEARCH_PATHS = (
					"$(inherited)",
					"@executable_path/Frameworks",
					"@loader_path/Frameworks",
				);
				PRODUCT_BUNDLE_IDENTIFIER = "FS.ModuleB-CategoryTests";
				PRODUCT_NAME = "$(TARGET_NAME)";
				TARGETED_DEVICE_FAMILY = "1,2";
				TEST_HOST = "$(BUILT_PRODUCTS_DIR)/ModuleB_Category.app/ModuleB_Category";
			};
			name = Release;
		};
		62E78DD025AD71BC00FF78CF /* Debug */ = {
			isa = XCBuildConfiguration;
			buildSettings = {
				CODE_SIGN_STYLE = Automatic;
				INFOPLIST_FILE = ModuleB_CategoryUITests/Info.plist;
				LD_RUNPATH_SEARCH_PATHS = (
					"$(inherited)",
					"@executable_path/Frameworks",
					"@loader_path/Frameworks",
				);
				PRODUCT_BUNDLE_IDENTIFIER = "FS.ModuleB-CategoryUITests";
				PRODUCT_NAME = "$(TARGET_NAME)";
				TARGETED_DEVICE_FAMILY = "1,2";
				TEST_TARGET_NAME = ModuleB_Category;
			};
			name = Debug;
		};
		62E78DD125AD71BC00FF78CF /* Release */ = {
			isa = XCBuildConfiguration;
			buildSettings = {
				CODE_SIGN_STYLE = Automatic;
				INFOPLIST_FILE = ModuleB_CategoryUITests/Info.plist;
				LD_RUNPATH_SEARCH_PATHS = (
					"$(inherited)",
					"@executable_path/Frameworks",
					"@loader_path/Frameworks",
				);
				PRODUCT_BUNDLE_IDENTIFIER = "FS.ModuleB-CategoryUITests";
				PRODUCT_NAME = "$(TARGET_NAME)";
				TARGETED_DEVICE_FAMILY = "1,2";
				TEST_TARGET_NAME = ModuleB_Category;
			};
			name = Release;
		};
/* End XCBuildConfiguration section */

/* Begin XCConfigurationList section */
		62E78D9525AD71B900FF78CF /* Build configuration list for PBXProject "ModuleB_Category" */ = {
			isa = XCConfigurationList;
			buildConfigurations = (
				62E78DC725AD71BC00FF78CF /* Debug */,
				62E78DC825AD71BC00FF78CF /* Release */,
			);
			defaultConfigurationIsVisible = 0;
			defaultConfigurationName = Release;
		};
		62E78DC925AD71BC00FF78CF /* Build configuration list for PBXNativeTarget "ModuleB_Category" */ = {
			isa = XCConfigurationList;
			buildConfigurations = (
				62E78DCA25AD71BC00FF78CF /* Debug */,
				62E78DCB25AD71BC00FF78CF /* Release */,
			);
			defaultConfigurationIsVisible = 0;
			defaultConfigurationName = Release;
		};
		62E78DCC25AD71BC00FF78CF /* Build configuration list for PBXNativeTarget "ModuleB_CategoryTests" */ = {
			isa = XCConfigurationList;
			buildConfigurations = (
				62E78DCD25AD71BC00FF78CF /* Debug */,
				62E78DCE25AD71BC00FF78CF /* Release */,
			);
			defaultConfigurationIsVisible = 0;
			defaultConfigurationName = Release;
		};
		62E78DCF25AD71BC00FF78CF /* Build configuration list for PBXNativeTarget "ModuleB_CategoryUITests" */ = {
			isa = XCConfigurationList;
			buildConfigurations = (
				62E78DD025AD71BC00FF78CF /* Debug */,
				62E78DD125AD71BC00FF78CF /* Release */,
			);
			defaultConfigurationIsVisible = 0;
			defaultConfigurationName = Release;
		};
/* End XCConfigurationList section */
	};
	rootObject = 62E78D9225AD71B900FF78CF /* Project object */;
}
